{
  "name": "wx_template",
  "version": "1.0.0",
  "lockfileVersion": 1,
  "requires": true,
  "dependencies": {
    "@vant/weapp": {
      "version": "1.6.9",
      "resolved": "https://registry.npmjs.org/@vant/weapp/-/weapp-1.6.9.tgz",
      "integrity": "sha512-d7hvWjs1cjlM4PjEAhBhbtdejqcltbIptw4/qfDC1RZUp+t7eYEDX/aRUZgtPAwTnipRXJPOyQIdf8K9jYUI/g=="
    }
  }
}
